
Microsoft Visual Studio Solution File, Format Version 12.00
# Visual Studio Version 16
VisualStudioVersion = 16.0.30523.141
MinimumVisualStudioVersion = 10.0.40219.1
Project("{FAE04EC0-301F-11D3-BF4B-00C04F79EFBC}") = "BlazorServerLogin", "BlazorServerLogin\BlazorServerLogin.csproj", "{E81F22F2-0640-4192-AB0A-CB134D927FCB}"
EndProject
Global
	GlobalSection(SolutionConfigurationPlatforms) = preSolution
		Debug|Any CPU = Debug|Any CPU
		Release|Any CPU = Release|Any CPU
	EndGlobalSection
	GlobalSection(ProjectConfigurationPlatforms) = postSolution
		{E81F22F2-0640-4192-AB0A-CB134D927FCB}.Debug|Any CPU.ActiveCfg = Debug|Any CPU
		{E81F22F2-0640-4192-AB0A-CB134D927FCB}.Debug|Any CPU.Build.0 = Debug|Any CPU
		{E81F22F2-0640-4192-AB0A-CB134D927FCB}.Release|Any CPU.ActiveCfg = Release|Any CPU
		{E81F22F2-0640-4192-AB0A-CB134D927FCB}.Release|Any CPU.Build.0 = Release|Any CPU
	EndGlobalSection
	GlobalSection(SolutionProperties) = preSolution
		HideSolutionNode = FALSE
	EndGlobalSection
	GlobalSection(ExtensibilityGlobals) = postSolution
		SolutionGuid = {4B1EA048-3F11-448E-BF59-3648E4D53BD5}
	EndGlobalSection
EndGlobal
